// !$*UTF8*$!
{
	archiveVersion = 1;
	classes = {
	};
	objectVersion = 56;
	objects = {

/* Begin PBXBuildFile section */
		FA06A0972B06525400A6D141 /* AddTaskView.swift in Sources */ = {isa = PBXBuildFile; fileRef = FA06A0962B06525400A6D141 /* AddTaskView.swift */; };
		FA62574E2AFE6087004DACE3 /* TaskManagerSwiftUIApp.swift in Sources */ = {isa = PBXBuildFile; fileRef = FA62574D2AFE6087004DACE3 /* TaskManagerSwiftUIApp.swift */; };
		FA6257522AFE6089004DACE3 /* Assets.xcassets in Resources */ = {isa = PBXBuildFile; fileRef = FA6257512AFE6089004DACE3 /* Assets.xcassets */; };
		FA6257552AFE6089004DACE3 /* Preview Assets.xcassets in Resources */ = {isa = PBXBuildFile; fileRef = FA6257542AFE6089004DACE3 /* Preview Assets.xcassets */; };
		FA6257572AFE6089004DACE3 /* Persistence.swift in Sources */ = {isa = PBXBuildFile; fileRef = FA6257562AFE6089004DACE3 /* Persistence.swift */; };
		FA62575A2AFE6089004DACE3 /* TaskManagerSwiftUI.xcdatamodeld in Sources */ = {isa = PBXBuildFile; fileRef = FA6257582AFE6089004DACE3 /* TaskManagerSwiftUI.xcdatamodeld */; };
		FA6257612AFE6259004DACE3 /* HomeView.swift in Sources */ = {isa = PBXBuildFile; fileRef = FA6257602AFE6259004DACE3 /* HomeView.swift */; };
		FA6257632AFE6293004DACE3 /* ContentView.swift in Sources */ = {isa = PBXBuildFile; fileRef = FA6257622AFE6293004DACE3 /* ContentView.swift */; };
		FA6257652AFE63BA004DACE3 /* TaskManagerViewModel.swift in Sources */ = {isa = PBXBuildFile; fileRef = FA6257642AFE63BA004DACE3 /* TaskManagerViewModel.swift */; };
		FA6257692AFE6913004DACE3 /* DateView.swift in Sources */ = {isa = PBXBuildFile; fileRef = FA6257682AFE6913004DACE3 /* DateView.swift */; };
		FA62576B2AFE851F004DACE3 /* TaskCard.swift in Sources */ = {isa = PBXBuildFile; fileRef = FA62576A2AFE851F004DACE3 /* TaskCard.swift */; };
/* End PBXBuildFile section */

/* Begin PBXFileReference section */
		FA06A0962B06525400A6D141 /* AddTaskView.swift */ = {isa = PBXFileReference; lastKnownFileType = sourcecode.swift; path = AddTaskView.swift; sourceTree = "<group>"; };
		FA62574A2AFE6087004DACE3 /* TaskManagerSwiftUI.app */ = {isa = PBXFileReference; explicitFileType = wrapper.application; includeInIndex = 0; path = TaskManagerSwiftUI.app; sourceTree = BUILT_PRODUCTS_DIR; };
		FA62574D2AFE6087004DACE3 /* TaskManagerSwiftUIApp.swift */ = {isa = PBXFileReference; lastKnownFileType = sourcecode.swift; path = TaskManagerSwiftUIApp.swift; sourceTree = "<group>"; };
		FA6257512AFE6089004DACE3 /* Assets.xcassets */ = {isa = PBXFileReference; lastKnownFileType = folder.assetcatalog; path = Assets.xcassets; sourceTree = "<group>"; };
		FA6257542AFE6089004DACE3 /* Preview Assets.xcassets */ = {isa = PBXFileReference; lastKnownFileType = folder.assetcatalog; path = "Preview Assets.xcassets"; sourceTree = "<group>"; };
		FA6257562AFE6089004DACE3 /* Persistence.swift */ = {isa = PBXFileReference; lastKnownFileType = sourcecode.swift; path = Persistence.swift; sourceTree = "<group>"; };
		FA6257592AFE6089004DACE3 /* TaskManagerSwiftUI.xcdatamodel */ = {isa = PBXFileReference; lastKnownFileType = wrapper.xcdatamodel; path = TaskManagerSwiftUI.xcdatamodel; sourceTree = "<group>"; };
		FA6257602AFE6259004DACE3 /* HomeView.swift */ = {isa = PBXFileReference; lastKnownFileType = sourcecode.swift; path = HomeView.swift; sourceTree = "<group>"; };
		FA6257622AFE6293004DACE3 /* ContentView.swift */ = {isa = PBXFileReference; lastKnownFileType = sourcecode.swift; path = ContentView.swift; sourceTree = "<group>"; };
		FA6257642AFE63BA004DACE3 /* TaskManagerViewModel.swift */ = {isa = PBXFileReference; lastKnownFileType = sourcecode.swift; path = TaskManagerViewModel.swift; sourceTree = "<group>"; };
		FA6257682AFE6913004DACE3 /* DateView.swift */ = {isa = PBXFileReference; lastKnownFileType = sourcecode.swift; path = DateView.swift; sourceTree = "<group>"; };
		FA62576A2AFE851F004DACE3 /* TaskCard.swift */ = {isa = PBXFileReference; lastKnownFileType = sourcecode.swift; path = TaskCard.swift; sourceTree = "<group>"; };
/* End PBXFileReference section */

/* Begin PBXFrameworksBuildPhase section */
		FA6257472AFE6087004DACE3 /* Frameworks */ = {
			isa = PBXFrameworksBuildPhase;
			buildActionMask = 2147483647;
			files = (
			);
			runOnlyForDeploymentPostprocessing = 0;
		};
/* End PBXFrameworksBuildPhase section */

/* Begin PBXGroup section */
		FA6257412AFE6087004DACE3 = {
			isa = PBXGroup;
			children = (
				FA62574C2AFE6087004DACE3 /* TaskManagerSwiftUI */,
				FA62574B2AFE6087004DACE3 /* Products */,
			);
			sourceTree = "<group>";
		};
		FA62574B2AFE6087004DACE3 /* Products */ = {
			isa = PBXGroup;
			children = (
				FA62574A2AFE6087004DACE3 /* TaskManagerSwiftUI.app */,
			);
			name = Products;
			sourceTree = "<group>";
		};
		FA62574C2AFE6087004DACE3 /* TaskManagerSwiftUI */ = {
			isa = PBXGroup;
			children = (
				FA62574D2AFE6087004DACE3 /* TaskManagerSwiftUIApp.swift */,
				FA62576E2AFE9D7D004DACE3 /* ViewModels */,
				FA62576D2AFE9D61004DACE3 /* Managers */,
				FA62576C2AFE9D4B004DACE3 /* Views */,
				FA6257512AFE6089004DACE3 /* Assets.xcassets */,
				FA6257582AFE6089004DACE3 /* TaskManagerSwiftUI.xcdatamodeld */,
				FA6257532AFE6089004DACE3 /* Preview Content */,
			);
			path = TaskManagerSwiftUI;
			sourceTree = "<group>";
		};
		FA6257532AFE6089004DACE3 /* Preview Content */ = {
			isa = PBXGroup;
			children = (
				FA6257542AFE6089004DACE3 /* Preview Assets.xcassets */,
			);
			path = "Preview Content";
			sourceTree = "<group>";
		};
		FA62576C2AFE9D4B004DACE3 /* Views */ = {
			isa = PBXGroup;
			children = (
				FA6257622AFE6293004DACE3 /* ContentView.swift */,
				FA6257602AFE6259004DACE3 /* HomeView.swift */,
				FA06A0962B06525400A6D141 /* AddTaskView.swift */,
				FA6257682AFE6913004DACE3 /* DateView.swift */,
				FA62576A2AFE851F004DACE3 /* TaskCard.swift */,
			);
			path = Views;
			sourceTree = "<group>";
		};
		FA62576D2AFE9D61004DACE3 /* Managers */ = {
			isa = PBXGroup;
			children = (
				FA6257562AFE6089004DACE3 /* Persistence.swift */,
			);
			path = Managers;
			sourceTree = "<group>";
		};
		FA62576E2AFE9D7D004DACE3 /* ViewModels */ = {
			isa = PBXGroup;
			children = (
				FA6257642AFE63BA004DACE3 /* TaskManagerViewModel.swift */,
			);
			path = ViewModels;
			sourceTree = "<group>";
		};
/* End PBXGroup section */

/* Begin PBXNativeTarget section */
		FA6257492AFE6087004DACE3 /* TaskManagerSwiftUI */ = {
			isa = PBXNativeTarget;
			buildConfigurationList = FA62575D2AFE6089004DACE3 /* Build configuration list for PBXNativeTarget "TaskManagerSwiftUI" */;
			buildPhases = (
				FA6257462AFE6087004DACE3 /* Sources */,
				FA6257472AFE6087004DACE3 /* Frameworks */,
				FA6257482AFE6087004DACE3 /* Resources */,
			);
			buildRules = (
			);
			dependencies = (
			);
			name = TaskManagerSwiftUI;
			productName = TaskManagerSwiftUI;
			productReference = FA62574A2AFE6087004DACE3 /* TaskManagerSwiftUI.app */;
			productType = "com.apple.product-type.application";
		};
/* End PBXNativeTarget section */

/* Begin PBXProject section */
		FA6257422AFE6087004DACE3 /* Project object */ = {
			isa = PBXProject;
			attributes = {
				BuildIndependentTargetsInParallel = 1;
				LastSwiftUpdateCheck = 1420;
				LastUpgradeCheck = 1420;
				TargetAttributes = {
					FA6257492AFE6087004DACE3 = {
						CreatedOnToolsVersion = 14.2;
					};
				};
			};
			buildConfigurationList = FA6257452AFE6087004DACE3 /* Build configuration list for PBXProject "TaskManagerSwiftUI" */;
			compatibilityVersion = "Xcode 14.0";
			developmentRegion = en;
			hasScannedForEncodings = 0;
			knownRegions = (
				en,
				Base,
			);
			mainGroup = FA6257412AFE6087004DACE3;
			productRefGroup = FA62574B2AFE6087004DACE3 /* Products */;
			projectDirPath = "";
			projectRoot = "";
			targets = (
				FA6257492AFE6087004DACE3 /* TaskManagerSwiftUI */,
			);
		};
/* End PBXProject section */

/* Begin PBXResourcesBuildPhase section */
		FA6257482AFE6087004DACE3 /* Resources */ = {
			isa = PBXResourcesBuildPhase;
			buildActionMask = 2147483647;
			files = (
				FA6257552AFE6089004DACE3 /* Preview Assets.xcassets in Resources */,
				FA6257522AFE6089004DACE3 /* Assets.xcassets in Resources */,
			);
			runOnlyForDeploymentPostprocessing = 0;
		};
/* End PBXResourcesBuildPhase section */

/* Begin PBXSourcesBuildPhase section */
		FA6257462AFE6087004DACE3 /* Sources */ = {
			isa = PBXSourcesBuildPhase;
			buildActionMask = 2147483647;
			files = (
				FA62575A2AFE6089004DACE3 /* TaskManagerSwiftUI.xcdatamodeld in Sources */,
				FA6257652AFE63BA004DACE3 /* TaskManagerViewModel.swift in Sources */,
				FA6257692AFE6913004DACE3 /* DateView.swift in Sources */,
				FA06A0972B06525400A6D141 /* AddTaskView.swift in Sources */,
				FA6257632AFE6293004DACE3 /* ContentView.swift in Sources */,
				FA6257572AFE6089004DACE3 /* Persistence.swift in Sources */,
				FA6257612AFE6259004DACE3 /* HomeView.swift in Sources */,
				FA62576B2AFE851F004DACE3 /* TaskCard.swift in Sources */,
				FA62574E2AFE6087004DACE3 /* TaskManagerSwiftUIApp.swift in Sources */,
			);
			runOnlyForDeploymentPostprocessing = 0;
		};
/* End PBXSourcesBuildPhase section */

/* Begin XCBuildConfiguration section */
		FA62575B2AFE6089004DACE3 /* Debug */ = {
			isa = XCBuildConfiguration;
			buildSettings = {
				ALWAYS_SEARCH_USER_PATHS = NO;
				CLANG_ANALYZER_NONNULL = YES;
				CLANG_ANALYZER_NUMBER_OBJECT_CONVERSION = YES_AGGRESSIVE;
				CLANG_CXX_LANGUAGE_STANDARD = "gnu++20";
				CLANG_ENABLE_MODULES = YES;
				CLANG_ENABLE_OBJC_ARC = YES;
				CLANG_ENABLE_OBJC_WEAK = YES;
				CLANG_WARN_BLOCK_CAPTURE_AUTORELEASING = YES;
				CLANG_WARN_BOOL_CONVERSION = YES;
				CLANG_WARN_COMMA = YES;
				CLANG_WARN_CONSTANT_CONVERSION = YES;
				CLANG_WARN_DEPRECATED_OBJC_IMPLEMENTATIONS = YES;
				CLANG_WARN_DIRECT_OBJC_ISA_USAGE = YES_ERROR;
				CLANG_WARN_DOCUMENTATION_COMMENTS = YES;
				CLANG_WARN_EMPTY_BODY = YES;
				CLANG_WARN_ENUM_CONVERSION = YES;
				CLANG_WARN_INFINITE_RECURSION = YES;
				CLANG_WARN_INT_CONVERSION = YES;
				CLANG_WARN_NON_LITERAL_NULL_CONVERSION = YES;
				CLANG_WARN_OBJC_IMPLICIT_RETAIN_SELF = YES;
				CLANG_WARN_OBJC_LITERAL_CONVERSION = YES;
				CLANG_WARN_OBJC_ROOT_CLASS = YES_ERROR;
				CLANG_WARN_QUOTED_INCLUDE_IN_FRAMEWORK_HEADER = YES;
				CLANG_WARN_RANGE_LOOP_ANALYSIS = YES;
				CLANG_WARN_STRICT_PROTOTYPES = YES;
				CLANG_WARN_SUSPICIOUS_MOVE = YES;
				CLANG_WARN_UNGUARDED_AVAILABILITY = YES_AGGRESSIVE;
				CLANG_WARN_UNREACHABLE_CODE = YES;
				CLANG_WARN__DUPLICATE_METHOD_MATCH = YES;
				COPY_PHASE_STRIP = NO;
				DEBUG_INFORMATION_FORMAT = dwarf;
				ENABLE_STRICT_OBJC_MSGSEND = YES;
				ENABLE_TESTABILITY = YES;
				GCC_C_LANGUAGE_STANDARD = gnu11;
				GCC_DYNAMIC_NO_PIC = NO;
				GCC_NO_COMMON_BLOCKS = YES;
				GCC_OPTIMIZATION_LEVEL = 0;
				GCC_PREPROCESSOR_DEFINITIONS = (
					"DEBUG=1",
					"$(inherited)",
				);
				GCC_WARN_64_TO_32_BIT_CONVERSION = YES;
				GCC_WARN_ABOUT_RETURN_TYPE = YES_ERROR;
				GCC_WARN_UNDECLARED_SELECTOR = YES;
				GCC_WARN_UNINITIALIZED_AUTOS = YES_AGGRESSIVE;
				GCC_WARN_UNUSED_FUNCTION = YES;
				GCC_WARN_UNUSED_VARIABLE = YES;
				IPHONEOS_DEPLOYMENT_TARGET = 16.2;
				MTL_ENABLE_DEBUG_INFO = INCLUDE_SOURCE;
				MTL_FAST_MATH = YES;
				ONLY_ACTIVE_ARCH = YES;
				SDKROOT = iphoneos;
				SWIFT_ACTIVE_COMPILATION_CONDITIONS = DEBUG;
				SWIFT_OPTIMIZATION_LEVEL = "-Onone";
			};
			name = Debug;
		};
		FA62575C2AFE6089004DACE3 /* Release */ = {
			isa = XCBuildConfiguration;
			buildSettings = {
				ALWAYS_SEARCH_USER_PATHS = NO;
				CLANG_ANALYZER_NONNULL = YES;
				CLANG_ANALYZER_NUMBER_OBJECT_CONVERSION = YES_AGGRESSIVE;
				CLANG_CXX_LANGUAGE_STANDARD = "gnu++20";
				CLANG_ENABLE_MODULES = YES;
				CLANG_ENABLE_OBJC_ARC = YES;
				CLANG_ENABLE_OBJC_WEAK = YES;
				CLANG_WARN_BLOCK_CAPTURE_AUTORELEASING = YES;
				CLANG_WARN_BOOL_CONVERSION = YES;
				CLANG_WARN_COMMA = YES;
				CLANG_WARN_CONSTANT_CONVERSION = YES;
				CLANG_WARN_DEPRECATED_OBJC_IMPLEMENTATIONS = YES;
				CLANG_WARN_DIRECT_OBJC_ISA_USAGE = YES_ERROR;
				CLANG_WARN_DOCUMENTATION_COMMENTS = YES;
				CLANG_WARN_EMPTY_BODY = YES;
				CLANG_WARN_ENUM_CONVERSION = YES;
				CLANG_WARN_INFINITE_RECURSION = YES;
				CLANG_WARN_INT_CONVERSION = YES;
				CLANG_WARN_NON_LITERAL_NULL_CONVERSION = YES;
				CLANG_WARN_OBJC_IMPLICIT_RETAIN_SELF = YES;
				CLANG_WARN_OBJC_LITERAL_CONVERSION = YES;
				CLANG_WARN_OBJC_ROOT_CLASS = YES_ERROR;
				CLANG_WARN_QUOTED_INCLUDE_IN_FRAMEWORK_HEADER = YES;
				CLANG_WARN_RANGE_LOOP_ANALYSIS = YES;
				CLANG_WARN_STRICT_PROTOTYPES = YES;
				CLANG_WARN_SUSPICIOUS_MOVE = YES;
				CLANG_WARN_UNGUARDED_AVAILABILITY = YES_AGGRESSIVE;
				CLANG_WARN_UNREACHABLE_CODE = YES;
				CLANG_WARN__DUPLICATE_METHOD_MATCH = YES;
				COPY_PHASE_STRIP = NO;
				DEBUG_INFORMATION_FORMAT = "dwarf-with-dsym";
				ENABLE_NS_ASSERTIONS = NO;
				ENABLE_STRICT_OBJC_MSGSEND = YES;
				GCC_C_LANGUAGE_STANDARD = gnu11;
				GCC_NO_COMMON_BLOCKS = YES;
				GCC_WARN_64_TO_32_BIT_CONVERSION = YES;
				GCC_WARN_ABOUT_RETURN_TYPE = YES_ERROR;
				GCC_WARN_UNDECLARED_SELECTOR = YES;
				GCC_WARN_UNINITIALIZED_AUTOS = YES_AGGRESSIVE;
				GCC_WARN_UNUSED_FUNCTION = YES;
				GCC_WARN_UNUSED_VARIABLE = YES;
				IPHONEOS_DEPLOYMENT_TARGET = 16.2;
				MTL_ENABLE_DEBUG_INFO = NO;
				MTL_FAST_MATH = YES;
				SDKROOT = iphoneos;
				SWIFT_COMPILATION_MODE = wholemodule;
				SWIFT_OPTIMIZATION_LEVEL = "-O";
				VALIDATE_PRODUCT = YES;
			};
			name = Release;
		};
		FA62575E2AFE6089004DACE3 /* Debug */ = {
			isa = XCBuildConfiguration;
			buildSettings = {
				ASSETCATALOG_COMPILER_APPICON_NAME = AppIcon;
				ASSETCATALOG_COMPILER_GLOBAL_ACCENT_COLOR_NAME = AccentColor;
				CODE_SIGN_STYLE = Automatic;
				CURRENT_PROJECT_VERSION = 1;
				DEVELOPMENT_ASSET_PATHS = "\"TaskManagerSwiftUI/Preview Content\"";
				DEVELOPMENT_TEAM = 8A8R6ZQST8;
				ENABLE_PREVIEWS = YES;
				GENERATE_INFOPLIST_FILE = YES;
				INFOPLIST_KEY_UIApplicationSceneManifest_Generation = YES;
				INFOPLIST_KEY_UIApplicationSupportsIndirectInputEvents = YES;
				INFOPLIST_KEY_UILaunchScreen_Generation = YES;
				INFOPLIST_KEY_UISupportedInterfaceOrientations_iPad = "UIInterfaceOrientationPortrait UIInterfaceOrientationPortraitUpsideDown UIInterfaceOrientationLandscapeLeft UIInterfaceOrientationLandscapeRight";
				INFOPLIST_KEY_UISupportedInterfaceOrientations_iPhone = "UIInterfaceOrientationPortrait UIInterfaceOrientationLandscapeLeft UIInterfaceOrientationLandscapeRight";
				LD_RUNPATH_SEARCH_PATHS = (
					"$(inherited)",
					"@executable_path/Frameworks",
				);
				MARKETING_VERSION = 1.0;
				PRODUCT_BUNDLE_IDENTIFIER = justiOSDev.TaskManagerSwiftUI;
				PRODUCT_NAME = "$(TARGET_NAME)";
				SWIFT_EMIT_LOC_STRINGS = YES;
				SWIFT_VERSION = 5.0;
				TARGETED_DEVICE_FAMILY = "1,2";
			};
			name = Debug;
		};
		FA62575F2AFE6089004DACE3 /* Release */ = {
			isa = XCBuildConfiguration;
			buildSettings = {
				ASSETCATALOG_COMPILER_APPICON_NAME = AppIcon;
				ASSETCATALOG_COMPILER_GLOBAL_ACCENT_COLOR_NAME = AccentColor;
				CODE_SIGN_STYLE = Automatic;
				CURRENT_PROJECT_VERSION = 1;
				DEVELOPMENT_ASSET_PATHS = "\"TaskManagerSwiftUI/Preview Content\"";
				DEVELOPMENT_TEAM = 8A8R6ZQST8;
				ENABLE_PREVIEWS = YES;
				GENERATE_INFOPLIST_FILE = YES;
				INFOPLIST_KEY_UIApplicationSceneManifest_Generation = YES;
				INFOPLIST_KEY_UIApplicationSupportsIndirectInputEvents = YES;
				INFOPLIST_KEY_UILaunchScreen_Generation = YES;
				INFOPLIST_KEY_UISupportedInterfaceOrientations_iPad = "UIInterfaceOrientationPortrait UIInterfaceOrientationPortraitUpsideDown UIInterfaceOrientationLandscapeLeft UIInterfaceOrientationLandscapeRight";
				INFOPLIST_KEY_UISupportedInterfaceOrientations_iPhone = "UIInterfaceOrientationPortrait UIInterfaceOrientationLandscapeLeft UIInterfaceOrientationLandscapeRight";
				LD_RUNPATH_SEARCH_PATHS = (
					"$(inherited)",
					"@executable_path/Frameworks",
				);
				MARKETING_VERSION = 1.0;
				PRODUCT_BUNDLE_IDENTIFIER = justiOSDev.TaskManagerSwiftUI;
				PRODUCT_NAME = "$(TARGET_NAME)";
				SWIFT_EMIT_LOC_STRINGS = YES;
				SWIFT_VERSION = 5.0;
				TARGETED_DEVICE_FAMILY = "1,2";
			};
			name = Release;
		};
/* End XCBuildConfiguration section */

/* Begin XCConfigurationList section */
		FA6257452AFE6087004DACE3 /* Build configuration list for PBXProject "TaskManagerSwiftUI" */ = {
			isa = XCConfigurationList;
			buildConfigurations = (
				FA62575B2AFE6089004DACE3 /* Debug */,
				FA62575C2AFE6089004DACE3 /* Release */,
			);
			defaultConfigurationIsVisible = 0;
			defaultConfigurationName = Release;
		};
		FA62575D2AFE6089004DACE3 /* Build configuration list for PBXNativeTarget "TaskManagerSwiftUI" */ = {
			isa = XCConfigurationList;
			buildConfigurations = (
				FA62575E2AFE6089004DACE3 /* Debug */,
				FA62575F2AFE6089004DACE3 /* Release */,
			);
			defaultConfigurationIsVisible = 0;
			defaultConfigurationName = Release;
		};
/* End XCConfigurationList section */

/* Begin XCVersionGroup section */
		FA6257582AFE6089004DACE3 /* TaskManagerSwiftUI.xcdatamodeld */ = {
			isa = XCVersionGroup;
			children = (
				FA6257592AFE6089004DACE3 /* TaskManagerSwiftUI.xcdatamodel */,
			);
			currentVersion = FA6257592AFE6089004DACE3 /* TaskManagerSwiftUI.xcdatamodel */;
			path = TaskManagerSwiftUI.xcdatamodeld;
			sourceTree = "<group>";
			versionGroupType = wrapper.xcdatamodel;
		};
/* End XCVersionGroup section */
	};
	rootObject = FA6257422AFE6087004DACE3 /* Project object */;
}
